
Microsoft Visual Studio Solution File, Format Version 12.00
# Visual Studio Version 17
VisualStudioVersion = 17.4.33110.190
MinimumVisualStudioVersion = 10.0.40219.1
Project("{2150E333-8FDC-42A3-9474-1A3956D46DE8}") = "3 - Domain", "3 - Domain", "{421AC8AE-F6AC-47E0-B4E8-89992EFE257B}"
EndProject
Project("{2150E333-8FDC-42A3-9474-1A3956D46DE8}") = "4 - Infrastructure", "4 - Infrastructure", "{191F0EF7-0AD3-4C64-BD47-3CC5E7B7AB1B}"
EndProject
Project("{9A19103F-16F7-4668-BE54-9A1E7A4F7556}") = "Infrastructure", "Infrastructure\Infrastructure.csproj", "{4248AEE1-370B-4CAD-9A36-F84CD46E95C2}"
EndProject
Project("{9A19103F-16F7-4668-BE54-9A1E7A4F7556}") = "Domain", "Domain\Domain.csproj", "{066AEF69-CFF8-478A-AD88-52D6A8F2ACE6}"
EndProject
Project("{9A19103F-16F7-4668-BE54-9A1E7A4F7556}") = "WebAPI", "WebAPI\WebAPI.csproj", "{ADBD60F8-74F9-4E28-A62A-CED30CEC3C9D}"
EndProject
Project("{2150E333-8FDC-42A3-9474-1A3956D46DE8}") = "1 - API", "1 - API", "{267EEC2A-0C44-49E3-BB40-2FC35106D502}"
EndProject
Project("{9A19103F-16F7-4668-BE54-9A1E7A4F7556}") = "Application", "Application\Application.csproj", "{A15B60B2-5473-4B34-8AAB-2AE264121161}"
EndProject
Project("{2150E333-8FDC-42A3-9474-1A3956D46DE8}") = "2 - Application", "2 - Application", "{F1A5A37B-1FE4-4B83-A1D0-08D7328E21AA}"
EndProject
Project("{2150E333-8FDC-42A3-9474-1A3956D46DE8}") = "4.1 - CrossCutting", "4.1 - CrossCutting", "{279F8E61-FAA1-4C02-A16A-9916F335D8E4}"
EndProject
Project("{9A19103F-16F7-4668-BE54-9A1E7A4F7556}") = "CrossCutting", "CrossCutting\CrossCutting.csproj", "{FEF1F58F-CC77-403C-AB4E-01D25895E0E8}"
EndProject
Project("{2150E333-8FDC-42A3-9474-1A3956D46DE8}") = "5 - Tests", "5 - Tests", "{E22A9715-5386-4BE1-9D58-746E78D6F023}"
EndProject
Project("{FAE04EC0-301F-11D3-BF4B-00C04F79EFBC}") = "xUnitTest", "xUnitTest\xUnitTest.csproj", "{DE52F52A-468C-497D-A4B8-162308624B88}"
EndProject
Global
	GlobalSection(SolutionConfigurationPlatforms) = preSolution
		Debug|Any CPU = Debug|Any CPU
		Release|Any CPU = Release|Any CPU
	EndGlobalSection
	GlobalSection(ProjectConfigurationPlatforms) = postSolution
		{4248AEE1-370B-4CAD-9A36-F84CD46E95C2}.Debug|Any CPU.ActiveCfg = Debug|Any CPU
		{4248AEE1-370B-4CAD-9A36-F84CD46E95C2}.Debug|Any CPU.Build.0 = Debug|Any CPU
		{4248AEE1-370B-4CAD-9A36-F84CD46E95C2}.Release|Any CPU.ActiveCfg = Release|Any CPU
		{4248AEE1-370B-4CAD-9A36-F84CD46E95C2}.Release|Any CPU.Build.0 = Release|Any CPU
		{066AEF69-CFF8-478A-AD88-52D6A8F2ACE6}.Debug|Any CPU.ActiveCfg = Debug|Any CPU
		{066AEF69-CFF8-478A-AD88-52D6A8F2ACE6}.Debug|Any CPU.Build.0 = Debug|Any CPU
		{066AEF69-CFF8-478A-AD88-52D6A8F2ACE6}.Release|Any CPU.ActiveCfg = Release|Any CPU
		{066AEF69-CFF8-478A-AD88-52D6A8F2ACE6}.Release|Any CPU.Build.0 = Release|Any CPU
		{ADBD60F8-74F9-4E28-A62A-CED30CEC3C9D}.Debug|Any CPU.ActiveCfg = Debug|Any CPU
		{ADBD60F8-74F9-4E28-A62A-CED30CEC3C9D}.Debug|Any CPU.Build.0 = Debug|Any CPU
		{ADBD60F8-74F9-4E28-A62A-CED30CEC3C9D}.Release|Any CPU.ActiveCfg = Release|Any CPU
		{ADBD60F8-74F9-4E28-A62A-CED30CEC3C9D}.Release|Any CPU.Build.0 = Release|Any CPU
		{A15B60B2-5473-4B34-8AAB-2AE264121161}.Debug|Any CPU.ActiveCfg = Debug|Any CPU
		{A15B60B2-5473-4B34-8AAB-2AE264121161}.Debug|Any CPU.Build.0 = Debug|Any CPU
		{A15B60B2-5473-4B34-8AAB-2AE264121161}.Release|Any CPU.ActiveCfg = Release|Any CPU
		{A15B60B2-5473-4B34-8AAB-2AE264121161}.Release|Any CPU.Build.0 = Release|Any CPU
		{FEF1F58F-CC77-403C-AB4E-01D25895E0E8}.Debug|Any CPU.ActiveCfg = Debug|Any CPU
		{FEF1F58F-CC77-403C-AB4E-01D25895E0E8}.Debug|Any CPU.Build.0 = Debug|Any CPU
		{FEF1F58F-CC77-403C-AB4E-01D25895E0E8}.Release|Any CPU.ActiveCfg = Release|Any CPU
		{FEF1F58F-CC77-403C-AB4E-01D25895E0E8}.Release|Any CPU.Build.0 = Release|Any CPU
		{DE52F52A-468C-497D-A4B8-162308624B88}.Debug|Any CPU.ActiveCfg = Debug|Any CPU
		{DE52F52A-468C-497D-A4B8-162308624B88}.Debug|Any CPU.Build.0 = Debug|Any CPU
		{DE52F52A-468C-497D-A4B8-162308624B88}.Release|Any CPU.ActiveCfg = Release|Any CPU
		{DE52F52A-468C-497D-A4B8-162308624B88}.Release|Any CPU.Build.0 = Release|Any CPU
	EndGlobalSection
	GlobalSection(SolutionProperties) = preSolution
		HideSolutionNode = FALSE
	EndGlobalSection
	GlobalSection(NestedProjects) = preSolution
		{4248AEE1-370B-4CAD-9A36-F84CD46E95C2} = {191F0EF7-0AD3-4C64-BD47-3CC5E7B7AB1B}
		{066AEF69-CFF8-478A-AD88-52D6A8F2ACE6} = {421AC8AE-F6AC-47E0-B4E8-89992EFE257B}
		{ADBD60F8-74F9-4E28-A62A-CED30CEC3C9D} = {267EEC2A-0C44-49E3-BB40-2FC35106D502}
		{A15B60B2-5473-4B34-8AAB-2AE264121161} = {F1A5A37B-1FE4-4B83-A1D0-08D7328E21AA}
		{279F8E61-FAA1-4C02-A16A-9916F335D8E4} = {191F0EF7-0AD3-4C64-BD47-3CC5E7B7AB1B}
		{FEF1F58F-CC77-403C-AB4E-01D25895E0E8} = {279F8E61-FAA1-4C02-A16A-9916F335D8E4}
		{DE52F52A-468C-497D-A4B8-162308624B88} = {E22A9715-5386-4BE1-9D58-746E78D6F023}
	EndGlobalSection
	GlobalSection(ExtensibilityGlobals) = postSolution
		SolutionGuid = {CC2F8437-20C1-44DC-BF61-934DA0342889}
	EndGlobalSection
EndGlobal
